PODS:
  - ActiveLabel (1.1.0)
  - IQKeyboardManagerSwift (6.5.4)
  - NVActivityIndicatorView (4.8.0):
    - NVActivityIndicatorView/Presenter (= 4.8.0)
  - NVActivityIndicatorView/Presenter (4.8.0)

DEPENDENCIES:
  - ActiveLabel
  - IQKeyboardManagerSwift
  - NVActivityIndicatorView

SPEC REPOS:
  trunk:
    - ActiveLabel
    - IQKeyboardManagerSwift
    - NVActivityIndicatorView

SPEC CHECKSUMS:
  ActiveLabel: 5e3f4de79a1952d4604b845a0610d4776e4b82b3
  IQKeyboardManagerSwift: 2dde0fc70110e8eac7ccce2a46fdbec6a850b414
  NVActivityIndicatorView: d24b7ebcf80af5dcd994adb650e2b6c93379270f

PODFILE CHECKSUM: b6068461429e9683c5133e054b89ee4d617b801f

COCOAPODS: 1.8.4
